
Microsoft Visual Studio Solution File, Format Version 12.00
# Visual Studio Version 17
VisualStudioVersion = 17.0.31903.59
MinimumVisualStudioVersion = 10.0.40219.1
Project("{2150E333-8FDC-42A3-9474-1A3956D46DE8}") = "Core", "Core", "{FBF56CC3-7AE6-AD2D-3F14-7F97FD322CD6}"
EndProject
Project("{FAE04EC0-301F-11D3-BF4B-00C04F79EFBC}") = "Standup.Domain", "src\Core\Standup.Domain\Standup.Domain.csproj", "{4FEAF061-2E50-48DF-BCDF-4CE56E72C2C8}"
EndProject
Project("{FAE04EC0-301F-11D3-BF4B-00C04F79EFBC}") = "Standup.Application", "src\Core\Standup.Application\Standup.Application.csproj", "{66925D49-E34D-4934-84F6-88128FD9F716}"
EndProject
Project("{2150E333-8FDC-42A3-9474-1A3956D46DE8}") = "Infrastructure", "Infrastructure", "{DFEE68D8-A7D0-1A41-506C-9B74AA9A7B7B}"
EndProject
Project("{FAE04EC0-301F-11D3-BF4B-00C04F79EFBC}") = "Standup.Infrastructure", "src\Infrastructure\Standup.Infrastructure\Standup.Infrastructure.csproj", "{B28180F0-E732-47DB-8A31-A15A6137855C}"
EndProject
Project("{2150E333-8FDC-42A3-9474-1A3956D46DE8}") = "Presentation", "Presentation", "{06CFFD70-14AA-A959-A3BA-1B15D094E3B1}"
EndProject
Project("{2150E333-8FDC-42A3-9474-1A3956D46DE8}") = "Desktop", "Desktop", "{3B4FA7B0-7F02-C7BA-2687-FAFAB0AB1AF9}"
EndProject
Project("{FAE04EC0-301F-11D3-BF4B-00C04F79EFBC}") = "Standup.Maui", "src\Presentation\Desktop\Standup.Maui\Standup.Maui.csproj", "{C1DC5FE8-FF0A-410C-8D76-0B85223DEAE4}"
EndProject
Project("{2150E333-8FDC-42A3-9474-1A3956D46DE8}") = "Web", "Web", "{479DC21E-91BE-4CD8-A7D1-8AD9BF9539AB}"
EndProject
Project("{FAE04EC0-301F-11D3-BF4B-00C04F79EFBC}") = "Standup.Teams", "src\Presentation\Web\Standup.Teams\Standup.Teams.csproj", "{8590972A-7E53-436B-BFAD-AE31747D5114}"
EndProject
Project("{2150E333-8FDC-42A3-9474-1A3956D46DE8}") = "Functions", "Functions", "{46899413-A1AD-7709-F42F-DC74916C2577}"
EndProject
Project("{FAE04EC0-301F-11D3-BF4B-00C04F79EFBC}") = "Standup.Api", "src\Functions\Standup.Api\Standup.Api.csproj", "{8ADC6D9C-BAE2-4AD6-9660-456EBF2A4045}"
EndProject
Project("{2150E333-8FDC-42A3-9474-1A3956D46DE8}") = "Tests", "Tests", "{0AB3BF05-4346-4AA6-1389-037BE0695223}"
EndProject
Project("{2150E333-8FDC-42A3-9474-1A3956D46DE8}") = "Unit", "Unit", "{9D556B49-86D1-93A7-9596-FFAAB74EC556}"
EndProject
Project("{FAE04EC0-301F-11D3-BF4B-00C04F79EFBC}") = "Standup.Domain.Tests", "tests\Unit\Standup.Domain.Tests\Standup.Domain.Tests.csproj", "{72BC76BF-CB5B-412C-BC90-1D19886B13B3}"
EndProject
Project("{FAE04EC0-301F-11D3-BF4B-00C04F79EFBC}") = "Standup.Application.Tests", "tests\Unit\Standup.Application.Tests\Standup.Application.Tests.csproj", "{B61BD5B5-9FCB-45BA-9548-DC265C7E7236}"
EndProject
Project("{2150E333-8FDC-42A3-9474-1A3956D46DE8}") = "Integration", "Integration", "{28A6993C-471E-82FE-7D9E-AD3B1EC22BD9}"
EndProject
Project("{FAE04EC0-301F-11D3-BF4B-00C04F79EFBC}") = "Standup.Infrastructure.Tests", "tests\Integration\Standup.Infrastructure.Tests\Standup.Infrastructure.Tests.csproj", "{3C51DFBC-B6EC-42DA-BF3C-CD0542EE8246}"
EndProject
Global
	GlobalSection(SolutionConfigurationPlatforms) = preSolution
		Debug|Any CPU = Debug|Any CPU
		Debug|x64 = Debug|x64
		Debug|x86 = Debug|x86
		Release|Any CPU = Release|Any CPU
		Release|x64 = Release|x64
		Release|x86 = Release|x86
	EndGlobalSection
	GlobalSection(ProjectConfigurationPlatforms) = postSolution
		{4FEAF061-2E50-48DF-BCDF-4CE56E72C2C8}.Debug|Any CPU.ActiveCfg = Debug|Any CPU
		{4FEAF061-2E50-48DF-BCDF-4CE56E72C2C8}.Debug|Any CPU.Build.0 = Debug|Any CPU
		{4FEAF061-2E50-48DF-BCDF-4CE56E72C2C8}.Debug|x64.ActiveCfg = Debug|Any CPU
		{4FEAF061-2E50-48DF-BCDF-4CE56E72C2C8}.Debug|x64.Build.0 = Debug|Any CPU
		{4FEAF061-2E50-48DF-BCDF-4CE56E72C2C8}.Debug|x86.ActiveCfg = Debug|Any CPU
		{4FEAF061-2E50-48DF-BCDF-4CE56E72C2C8}.Debug|x86.Build.0 = Debug|Any CPU
		{4FEAF061-2E50-48DF-BCDF-4CE56E72C2C8}.Release|Any CPU.ActiveCfg = Release|Any CPU
		{4FEAF061-2E50-48DF-BCDF-4CE56E72C2C8}.Release|Any CPU.Build.0 = Release|Any CPU
		{4FEAF061-2E50-48DF-BCDF-4CE56E72C2C8}.Release|x64.ActiveCfg = Release|Any CPU
		{4FEAF061-2E50-48DF-BCDF-4CE56E72C2C8}.Release|x64.Build.0 = Release|Any CPU
		{4FEAF061-2E50-48DF-BCDF-4CE56E72C2C8}.Release|x86.ActiveCfg = Release|Any CPU
		{4FEAF061-2E50-48DF-BCDF-4CE56E72C2C8}.Release|x86.Build.0 = Release|Any CPU
		{66925D49-E34D-4934-84F6-88128FD9F716}.Debug|Any CPU.ActiveCfg = Debug|Any CPU
		{66925D49-E34D-4934-84F6-88128FD9F716}.Debug|Any CPU.Build.0 = Debug|Any CPU
		{66925D49-E34D-4934-84F6-88128FD9F716}.Debug|x64.ActiveCfg = Debug|Any CPU
		{66925D49-E34D-4934-84F6-88128FD9F716}.Debug|x64.Build.0 = Debug|Any CPU
		{66925D49-E34D-4934-84F6-88128FD9F716}.Debug|x86.ActiveCfg = Debug|Any CPU
		{66925D49-E34D-4934-84F6-88128FD9F716}.Debug|x86.Build.0 = Debug|Any CPU
		{66925D49-E34D-4934-84F6-88128FD9F716}.Release|Any CPU.ActiveCfg = Release|Any CPU
		{66925D49-E34D-4934-84F6-88128FD9F716}.Release|Any CPU.Build.0 = Release|Any CPU
		{66925D49-E34D-4934-84F6-88128FD9F716}.Release|x64.ActiveCfg = Release|Any CPU
		{66925D49-E34D-4934-84F6-88128FD9F716}.Release|x64.Build.0 = Release|Any CPU
		{66925D49-E34D-4934-84F6-88128FD9F716}.Release|x86.ActiveCfg = Release|Any CPU
		{66925D49-E34D-4934-84F6-88128FD9F716}.Release|x86.Build.0 = Release|Any CPU
		{B28180F0-E732-47DB-8A31-A15A6137855C}.Debug|Any CPU.ActiveCfg = Debug|Any CPU
		{B28180F0-E732-47DB-8A31-A15A6137855C}.Debug|Any CPU.Build.0 = Debug|Any CPU
		{B28180F0-E732-47DB-8A31-A15A6137855C}.Debug|x64.ActiveCfg = Debug|Any CPU
		{B28180F0-E732-47DB-8A31-A15A6137855C}.Debug|x64.Build.0 = Debug|Any CPU
		{B28180F0-E732-47DB-8A31-A15A6137855C}.Debug|x86.ActiveCfg = Debug|Any CPU
		{B28180F0-E732-47DB-8A31-A15A6137855C}.Debug|x86.Build.0 = Debug|Any CPU
		{B28180F0-E732-47DB-8A31-A15A6137855C}.Release|Any CPU.ActiveCfg = Release|Any CPU
		{B28180F0-E732-47DB-8A31-A15A6137855C}.Release|Any CPU.Build.0 = Release|Any CPU
		{B28180F0-E732-47DB-8A31-A15A6137855C}.Release|x64.ActiveCfg = Release|Any CPU
		{B28180F0-E732-47DB-8A31-A15A6137855C}.Release|x64.Build.0 = Release|Any CPU
		{B28180F0-E732-47DB-8A31-A15A6137855C}.Release|x86.ActiveCfg = Release|Any CPU
		{B28180F0-E732-47DB-8A31-A15A6137855C}.Release|x86.Build.0 = Release|Any CPU
		{C1DC5FE8-FF0A-410C-8D76-0B85223DEAE4}.Debug|Any CPU.ActiveCfg = Debug|Any CPU
		{C1DC5FE8-FF0A-410C-8D76-0B85223DEAE4}.Debug|Any CPU.Build.0 = Debug|Any CPU
		{C1DC5FE8-FF0A-410C-8D76-0B85223DEAE4}.Debug|x64.ActiveCfg = Debug|Any CPU
		{C1DC5FE8-FF0A-410C-8D76-0B85223DEAE4}.Debug|x64.Build.0 = Debug|Any CPU
		{C1DC5FE8-FF0A-410C-8D76-0B85223DEAE4}.Debug|x86.ActiveCfg = Debug|Any CPU
		{C1DC5FE8-FF0A-410C-8D76-0B85223DEAE4}.Debug|x86.Build.0 = Debug|Any CPU
		{C1DC5FE8-FF0A-410C-8D76-0B85223DEAE4}.Release|Any CPU.ActiveCfg = Release|Any CPU
		{C1DC5FE8-FF0A-410C-8D76-0B85223DEAE4}.Release|Any CPU.Build.0 = Release|Any CPU
		{C1DC5FE8-FF0A-410C-8D76-0B85223DEAE4}.Release|x64.ActiveCfg = Release|Any CPU
		{C1DC5FE8-FF0A-410C-8D76-0B85223DEAE4}.Release|x64.Build.0 = Release|Any CPU
		{C1DC5FE8-FF0A-410C-8D76-0B85223DEAE4}.Release|x86.ActiveCfg = Release|Any CPU
		{C1DC5FE8-FF0A-410C-8D76-0B85223DEAE4}.Release|x86.Build.0 = Release|Any CPU
		{8590972A-7E53-436B-BFAD-AE31747D5114}.Debug|Any CPU.ActiveCfg = Debug|Any CPU
		{8590972A-7E53-436B-BFAD-AE31747D5114}.Debug|Any CPU.Build.0 = Debug|Any CPU
		{8590972A-7E53-436B-BFAD-AE31747D5114}.Debug|x64.ActiveCfg = Debug|Any CPU
		{8590972A-7E53-436B-BFAD-AE31747D5114}.Debug|x64.Build.0 = Debug|Any CPU
		{8590972A-7E53-436B-BFAD-AE31747D5114}.Debug|x86.ActiveCfg = Debug|Any CPU
		{8590972A-7E53-436B-BFAD-AE31747D5114}.Debug|x86.Build.0 = Debug|Any CPU
		{8590972A-7E53-436B-BFAD-AE31747D5114}.Release|Any CPU.ActiveCfg = Release|Any CPU
		{8590972A-7E53-436B-BFAD-AE31747D5114}.Release|Any CPU.Build.0 = Release|Any CPU
		{8590972A-7E53-436B-BFAD-AE31747D5114}.Release|x64.ActiveCfg = Release|Any CPU
		{8590972A-7E53-436B-BFAD-AE31747D5114}.Release|x64.Build.0 = Release|Any CPU
		{8590972A-7E53-436B-BFAD-AE31747D5114}.Release|x86.ActiveCfg = Release|Any CPU
		{8590972A-7E53-436B-BFAD-AE31747D5114}.Release|x86.Build.0 = Release|Any CPU
		{8ADC6D9C-BAE2-4AD6-9660-456EBF2A4045}.Debug|Any CPU.ActiveCfg = Debug|Any CPU
		{8ADC6D9C-BAE2-4AD6-9660-456EBF2A4045}.Debug|Any CPU.Build.0 = Debug|Any CPU
		{8ADC6D9C-BAE2-4AD6-9660-456EBF2A4045}.Debug|x64.ActiveCfg = Debug|Any CPU
		{8ADC6D9C-BAE2-4AD6-9660-456EBF2A4045}.Debug|x64.Build.0 = Debug|Any CPU
		{8ADC6D9C-BAE2-4AD6-9660-456EBF2A4045}.Debug|x86.ActiveCfg = Debug|Any CPU
		{8ADC6D9C-BAE2-4AD6-9660-456EBF2A4045}.Debug|x86.Build.0 = Debug|Any CPU
		{8ADC6D9C-BAE2-4AD6-9660-456EBF2A4045}.Release|Any CPU.ActiveCfg = Release|Any CPU
		{8ADC6D9C-BAE2-4AD6-9660-456EBF2A4045}.Release|Any CPU.Build.0 = Release|Any CPU
		{8ADC6D9C-BAE2-4AD6-9660-456EBF2A4045}.Release|x64.ActiveCfg = Release|Any CPU
		{8ADC6D9C-BAE2-4AD6-9660-456EBF2A4045}.Release|x64.Build.0 = Release|Any CPU
		{8ADC6D9C-BAE2-4AD6-9660-456EBF2A4045}.Release|x86.ActiveCfg = Release|Any CPU
		{8ADC6D9C-BAE2-4AD6-9660-456EBF2A4045}.Release|x86.Build.0 = Release|Any CPU
		{72BC76BF-CB5B-412C-BC90-1D19886B13B3}.Debug|Any CPU.ActiveCfg = Debug|Any CPU
		{72BC76BF-CB5B-412C-BC90-1D19886B13B3}.Debug|Any CPU.Build.0 = Debug|Any CPU
		{72BC76BF-CB5B-412C-BC90-1D19886B13B3}.Debug|x64.ActiveCfg = Debug|Any CPU
		{72BC76BF-CB5B-412C-BC90-1D19886B13B3}.Debug|x64.Build.0 = Debug|Any CPU
		{72BC76BF-CB5B-412C-BC90-1D19886B13B3}.Debug|x86.ActiveCfg = Debug|Any CPU
		{72BC76BF-CB5B-412C-BC90-1D19886B13B3}.Debug|x86.Build.0 = Debug|Any CPU
		{72BC76BF-CB5B-412C-BC90-1D19886B13B3}.Release|Any CPU.ActiveCfg = Release|Any CPU
		{72BC76BF-CB5B-412C-BC90-1D19886B13B3}.Release|Any CPU.Build.0 = Release|Any CPU
		{72BC76BF-CB5B-412C-BC90-1D19886B13B3}.Release|x64.ActiveCfg = Release|Any CPU
		{72BC76BF-CB5B-412C-BC90-1D19886B13B3}.Release|x64.Build.0 = Release|Any CPU
		{72BC76BF-CB5B-412C-BC90-1D19886B13B3}.Release|x86.ActiveCfg = Release|Any CPU
		{72BC76BF-CB5B-412C-BC90-1D19886B13B3}.Release|x86.Build.0 = Release|Any CPU
		{B61BD5B5-9FCB-45BA-9548-DC265C7E7236}.Debug|Any CPU.ActiveCfg = Debug|Any CPU
		{B61BD5B5-9FCB-45BA-9548-DC265C7E7236}.Debug|Any CPU.Build.0 = Debug|Any CPU
		{B61BD5B5-9FCB-45BA-9548-DC265C7E7236}.Debug|x64.ActiveCfg = Debug|Any CPU
		{B61BD5B5-9FCB-45BA-9548-DC265C7E7236}.Debug|x64.Build.0 = Debug|Any CPU
		{B61BD5B5-9FCB-45BA-9548-DC265C7E7236}.Debug|x86.ActiveCfg = Debug|Any CPU
		{B61BD5B5-9FCB-45BA-9548-DC265C7E7236}.Debug|x86.Build.0 = Debug|Any CPU
		{B61BD5B5-9FCB-45BA-9548-DC265C7E7236}.Release|Any CPU.ActiveCfg = Release|Any CPU
		{B61BD5B5-9FCB-45BA-9548-DC265C7E7236}.Release|Any CPU.Build.0 = Release|Any CPU
		{B61BD5B5-9FCB-45BA-9548-DC265C7E7236}.Release|x64.ActiveCfg = Release|Any CPU
		{B61BD5B5-9FCB-45BA-9548-DC265C7E7236}.Release|x64.Build.0 = Release|Any CPU
		{B61BD5B5-9FCB-45BA-9548-DC265C7E7236}.Release|x86.ActiveCfg = Release|Any CPU
		{B61BD5B5-9FCB-45BA-9548-DC265C7E7236}.Release|x86.Build.0 = Release|Any CPU
		{3C51DFBC-B6EC-42DA-BF3C-CD0542EE8246}.Debug|Any CPU.ActiveCfg = Debug|Any CPU
		{3C51DFBC-B6EC-42DA-BF3C-CD0542EE8246}.Debug|Any CPU.Build.0 = Debug|Any CPU
		{3C51DFBC-B6EC-42DA-BF3C-CD0542EE8246}.Debug|x64.ActiveCfg = Debug|Any CPU
		{3C51DFBC-B6EC-42DA-BF3C-CD0542EE8246}.Debug|x64.Build.0 = Debug|Any CPU
		{3C51DFBC-B6EC-42DA-BF3C-CD0542EE8246}.Debug|x86.ActiveCfg = Debug|Any CPU
		{3C51DFBC-B6EC-42DA-BF3C-CD0542EE8246}.Debug|x86.Build.0 = Debug|Any CPU
		{3C51DFBC-B6EC-42DA-BF3C-CD0542EE8246}.Release|Any CPU.ActiveCfg = Release|Any CPU
		{3C51DFBC-B6EC-42DA-BF3C-CD0542EE8246}.Release|Any CPU.Build.0 = Release|Any CPU
		{3C51DFBC-B6EC-42DA-BF3C-CD0542EE8246}.Release|x64.ActiveCfg = Release|Any CPU
		{3C51DFBC-B6EC-42DA-BF3C-CD0542EE8246}.Release|x64.Build.0 = Release|Any CPU
		{3C51DFBC-B6EC-42DA-BF3C-CD0542EE8246}.Release|x86.ActiveCfg = Release|Any CPU
		{3C51DFBC-B6EC-42DA-BF3C-CD0542EE8246}.Release|x86.Build.0 = Release|Any CPU
	EndGlobalSection
	GlobalSection(SolutionProperties) = preSolution
		HideSolutionNode = FALSE
	EndGlobalSection
	GlobalSection(NestedProjects) = preSolution
		{4FEAF061-2E50-48DF-BCDF-4CE56E72C2C8} = {FBF56CC3-7AE6-AD2D-3F14-7F97FD322CD6}
		{66925D49-E34D-4934-84F6-88128FD9F716} = {FBF56CC3-7AE6-AD2D-3F14-7F97FD322CD6}
		{B28180F0-E732-47DB-8A31-A15A6137855C} = {DFEE68D8-A7D0-1A41-506C-9B74AA9A7B7B}
		{3B4FA7B0-7F02-C7BA-2687-FAFAB0AB1AF9} = {06CFFD70-14AA-A959-A3BA-1B15D094E3B1}
		{C1DC5FE8-FF0A-410C-8D76-0B85223DEAE4} = {3B4FA7B0-7F02-C7BA-2687-FAFAB0AB1AF9}
		{479DC21E-91BE-4CD8-A7D1-8AD9BF9539AB} = {06CFFD70-14AA-A959-A3BA-1B15D094E3B1}
		{8590972A-7E53-436B-BFAD-AE31747D5114} = {479DC21E-91BE-4CD8-A7D1-8AD9BF9539AB}
		{8ADC6D9C-BAE2-4AD6-9660-456EBF2A4045} = {46899413-A1AD-7709-F42F-DC74916C2577}
		{9D556B49-86D1-93A7-9596-FFAAB74EC556} = {0AB3BF05-4346-4AA6-1389-037BE0695223}
		{72BC76BF-CB5B-412C-BC90-1D19886B13B3} = {9D556B49-86D1-93A7-9596-FFAAB74EC556}
		{B61BD5B5-9FCB-45BA-9548-DC265C7E7236} = {9D556B49-86D1-93A7-9596-FFAAB74EC556}
		{28A6993C-471E-82FE-7D9E-AD3B1EC22BD9} = {0AB3BF05-4346-4AA6-1389-037BE0695223}
		{3C51DFBC-B6EC-42DA-BF3C-CD0542EE8246} = {28A6993C-471E-82FE-7D9E-AD3B1EC22BD9}
	EndGlobalSection
EndGlobal
